
Microsoft Visual Studio Solution File, Format Version 12.00
# Visual Studio Version 16
VisualStudioVersion = 16.0.28803.202
MinimumVisualStudioVersion = 10.0.40219.1
Project("{FAE04EC0-301F-11D3-BF4B-00C04F79EFBC}") = "Animals.UI", "Animals.UI\Animals.UI.csproj", "{BA833A68-90EE-447E-A580-DD03A7102719}"
EndProject
Project("{FAE04EC0-301F-11D3-BF4B-00C04F79EFBC}") = "Animals.library", "Animals.library\Animals.library.csproj", "{2BBAAA95-223E-4D02-8949-4F0BE3B53931}"
EndProject
Global
	GlobalSection(SolutionConfigurationPlatforms) = preSolution
		Debug|Any CPU = Debug|Any CPU
		Release|Any CPU = Release|Any CPU
	EndGlobalSection
	GlobalSection(ProjectConfigurationPlatforms) = postSolution
		{BA833A68-90EE-447E-A580-DD03A7102719}.Debug|Any CPU.ActiveCfg = Debug|Any CPU
		{BA833A68-90EE-447E-A580-DD03A7102719}.Debug|Any CPU.Build.0 = Debug|Any CPU
		{BA833A68-90EE-447E-A580-DD03A7102719}.Release|Any CPU.ActiveCfg = Release|Any CPU
		{BA833A68-90EE-447E-A580-DD03A7102719}.Release|Any CPU.Build.0 = Release|Any CPU
		{2BBAAA95-223E-4D02-8949-4F0BE3B53931}.Debug|Any CPU.ActiveCfg = Debug|Any CPU
		{2BBAAA95-223E-4D02-8949-4F0BE3B53931}.Debug|Any CPU.Build.0 = Debug|Any CPU
		{2BBAAA95-223E-4D02-8949-4F0BE3B53931}.Release|Any CPU.ActiveCfg = Release|Any CPU
		{2BBAAA95-223E-4D02-8949-4F0BE3B53931}.Release|Any CPU.Build.0 = Release|Any CPU
	EndGlobalSection
	GlobalSection(SolutionProperties) = preSolution
		HideSolutionNode = FALSE
	EndGlobalSection
	GlobalSection(ExtensibilityGlobals) = postSolution
		SolutionGuid = {FA130D3D-1C87-454A-A07A-4AE763FA2C08}
	EndGlobalSection
EndGlobal
